
Microsoft Visual Studio Solution File, Format Version 12.00
# Visual Studio Version 17
VisualStudioVersion = 17.4.33205.214
MinimumVisualStudioVersion = 10.0.40219.1
Project("{FAE04EC0-301F-11D3-BF4B-00C04F79EFBC}") = "Demo.Web", "Demo.Web.csproj", "{86811922-DB60-4126-9CAE-E94FBD420B6B}"
EndProject
Project("{FAE04EC0-301F-11D3-BF4B-00C04F79EFBC}") = "Demo.API", "..\Demo.API\Demo.API.csproj", "{74E35F6E-23AD-4ECD-82EB-39C3FDCF900B}"
EndProject
Global
	GlobalSection(SolutionConfigurationPlatforms) = preSolution
		Debug|Any CPU = Debug|Any CPU
		Release|Any CPU = Release|Any CPU
	EndGlobalSection
	GlobalSection(ProjectConfigurationPlatforms) = postSolution
		{86811922-DB60-4126-9CAE-E94FBD420B6B}.Debug|Any CPU.ActiveCfg = Debug|Any CPU
		{86811922-DB60-4126-9CAE-E94FBD420B6B}.Debug|Any CPU.Build.0 = Debug|Any CPU
		{86811922-DB60-4126-9CAE-E94FBD420B6B}.Release|Any CPU.ActiveCfg = Release|Any CPU
		{86811922-DB60-4126-9CAE-E94FBD420B6B}.Release|Any CPU.Build.0 = Release|Any CPU
		{74E35F6E-23AD-4ECD-82EB-39C3FDCF900B}.Debug|Any CPU.ActiveCfg = Debug|Any CPU
		{74E35F6E-23AD-4ECD-82EB-39C3FDCF900B}.Debug|Any CPU.Build.0 = Debug|Any CPU
		{74E35F6E-23AD-4ECD-82EB-39C3FDCF900B}.Release|Any CPU.ActiveCfg = Release|Any CPU
		{74E35F6E-23AD-4ECD-82EB-39C3FDCF900B}.Release|Any CPU.Build.0 = Release|Any CPU
	EndGlobalSection
	GlobalSection(SolutionProperties) = preSolution
		HideSolutionNode = FALSE
	EndGlobalSection
	GlobalSection(ExtensibilityGlobals) = postSolution
		SolutionGuid = {075E8270-BEEA-4B01-93EC-34EDEDE7F2E7}
	EndGlobalSection
EndGlobal
